
Microsoft Visual Studio Solution File, Format Version 12.00
# Visual Studio Version 16
VisualStudioVersion = 16.0.30621.155
MinimumVisualStudioVersion = 10.0.40219.1
Project("{FAE04EC0-301F-11D3-BF4B-00C04F79EFBC}") = "Jar2m2", "Jar2m2-Tools\Jar2m2.csproj", "{48386720-BD09-47E5-88EA-9820FCD6A989}"
EndProject
Global
	GlobalSection(SolutionConfigurationPlatforms) = preSolution
		Debug|Any CPU = Debug|Any CPU
		Release|Any CPU = Release|Any CPU
	EndGlobalSection
	GlobalSection(ProjectConfigurationPlatforms) = postSolution
		{48386720-BD09-47E5-88EA-9820FCD6A989}.Debug|Any CPU.ActiveCfg = Debug|Any CPU
		{48386720-BD09-47E5-88EA-9820FCD6A989}.Debug|Any CPU.Build.0 = Debug|Any CPU
		{48386720-BD09-47E5-88EA-9820FCD6A989}.Release|Any CPU.ActiveCfg = Release|Any CPU
		{48386720-BD09-47E5-88EA-9820FCD6A989}.Release|Any CPU.Build.0 = Release|Any CPU
	EndGlobalSection
	GlobalSection(SolutionProperties) = preSolution
		HideSolutionNode = FALSE
	EndGlobalSection
	GlobalSection(ExtensibilityGlobals) = postSolution
		SolutionGuid = {B33D3530-FE9D-4473-A896-53C20456D5E3}
	EndGlobalSection
EndGlobal
